# THIS IS AN AUTOGENERATED FILE. DO NOT EDIT THIS FILE DIRECTLY.
# yarn lockfile v1


"@cowtech/create-base@~0.0":
  version "0.0.4"
  resolved "https://registry.yarnpkg.com/@cowtech/create-base/-/create-base-0.0.4.tgz#11b2e1de14b68acfb565fb6c58fa6fc700876ce5"
  dependencies:
    find "~0.2"
    fs-extra "~3.0"

"@cowtech/package-utils@~0.2":
  version "0.2.0"
  resolved "https://registry.yarnpkg.com/@cowtech/package-utils/-/package-utils-0.2.0.tgz#8d4518bfb0687dc37fd89d4970e73aec6775b51d"
  dependencies:
    commander "~2.11"
    semver "^5.3.0"

commander@~2.11:
  version "2.11.0"
  resolved "https://registry.yarnpkg.com/commander/-/commander-2.11.0.tgz#157152fd1e7a6c8d98a5b715cf376df928004563"

find@~0.2:
  version "0.2.7"
  resolved "https://registry.yarnpkg.com/find/-/find-0.2.7.tgz#7afbd00f8f08c5b622f97cda6f714173d547bb3f"
  dependencies:
    traverse-chain "~0.1.0"

fs-extra@~3.0:
  version "3.0.1"
  resolved "https://registry.yarnpkg.com/fs-extra/-/fs-extra-3.0.1.tgz#3794f378c58b342ea7dbbb23095109c4b3b62291"
  dependencies:
    graceful-fs "^4.1.2"
    jsonfile "^3.0.0"
    universalify "^0.1.0"

graceful-fs@^4.1.2, graceful-fs@^4.1.6:
  version "4.1.11"
  resolved "https://registry.yarnpkg.com/graceful-fs/-/graceful-fs-4.1.11.tgz#0e8bdfe4d1ddb8854d64e04ea7c00e2a026e5658"

jsonfile@^3.0.0:
  version "3.0.1"
  resolved "https://registry.yarnpkg.com/jsonfile/-/jsonfile-3.0.1.tgz#a5ecc6f65f53f662c4415c7675a0331d0992ec66"
  optionalDependencies:
    graceful-fs "^4.1.6"

semver@^5.3.0:
  version "5.3.0"
  resolved "https://registry.yarnpkg.com/semver/-/semver-5.3.0.tgz#9b2ce5d3de02d17c6012ad326aa6b4d0cf54f94f"

traverse-chain@~0.1.0:
  version "0.1.0"
  resolved "https://registry.yarnpkg.com/traverse-chain/-/traverse-chain-0.1.0.tgz#61dbc2d53b69ff6091a12a168fd7d433107e40f1"

universalify@^0.1.0:
  version "0.1.1"
  resolved "https://registry.yarnpkg.com/universalify/-/universalify-0.1.1.tgz#fa71badd4437af4c148841e3b3b165f9e9e590b7"
